
Microsoft Visual Studio Solution File, Format Version 12.00
Project("{FAE04EC0-301F-11D3-BF4B-00C04F79EFBC}") = "src", "src\src.csproj", "{1D36A183-E0F7-41F8-8572-7943822D36EF}"
EndProject
Project("{FAE04EC0-301F-11D3-BF4B-00C04F79EFBC}") = "tests", "tests\tests.csproj", "{BBE1979F-1A73-4417-9571-9033A3115ACD}"
EndProject
Global
	GlobalSection(SolutionConfigurationPlatforms) = preSolution
		Debug|Any CPU = Debug|Any CPU
		Release|Any CPU = Release|Any CPU
	EndGlobalSection
	GlobalSection(ProjectConfigurationPlatforms) = postSolution
		{1D36A183-E0F7-41F8-8572-7943822D36EF}.Debug|Any CPU.ActiveCfg = Debug|Any CPU
		{1D36A183-E0F7-41F8-8572-7943822D36EF}.Debug|Any CPU.Build.0 = Debug|Any CPU
		{1D36A183-E0F7-41F8-8572-7943822D36EF}.Release|Any CPU.ActiveCfg = Release|Any CPU
		{1D36A183-E0F7-41F8-8572-7943822D36EF}.Release|Any CPU.Build.0 = Release|Any CPU
		{BBE1979F-1A73-4417-9571-9033A3115ACD}.Debug|Any CPU.ActiveCfg = Debug|Any CPU
		{BBE1979F-1A73-4417-9571-9033A3115ACD}.Debug|Any CPU.Build.0 = Debug|Any CPU
		{BBE1979F-1A73-4417-9571-9033A3115ACD}.Release|Any CPU.ActiveCfg = Release|Any CPU
		{BBE1979F-1A73-4417-9571-9033A3115ACD}.Release|Any CPU.Build.0 = Release|Any CPU
	EndGlobalSection
EndGlobal
